
Microsoft Visual Studio Solution File, Format Version 12.00
# Visual Studio 15
VisualStudioVersion = 15.0.26730.12
MinimumVisualStudioVersion = 10.0.40219.1
Project("{FAE04EC0-301F-11D3-BF4B-00C04F79EFBC}") = "NumberGuesser", "NumberGuesser.csproj", "{FC20616C-5139-4D0D-85F5-AFE210E17824}"
EndProject
Global
	GlobalSection(SolutionConfigurationPlatforms) = preSolution
		Debug|Any CPU = Debug|Any CPU
		Release|Any CPU = Release|Any CPU
	EndGlobalSection
	GlobalSection(ProjectConfigurationPlatforms) = postSolution
		{FC20616C-5139-4D0D-85F5-AFE210E17824}.Debug|Any CPU.ActiveCfg = Debug|Any CPU
		{FC20616C-5139-4D0D-85F5-AFE210E17824}.Debug|Any CPU.Build.0 = Debug|Any CPU
		{FC20616C-5139-4D0D-85F5-AFE210E17824}.Release|Any CPU.ActiveCfg = Release|Any CPU
		{FC20616C-5139-4D0D-85F5-AFE210E17824}.Release|Any CPU.Build.0 = Release|Any CPU
	EndGlobalSection
	GlobalSection(SolutionProperties) = preSolution
		HideSolutionNode = FALSE
	EndGlobalSection
	GlobalSection(ExtensibilityGlobals) = postSolution
		SolutionGuid = {9ACA5A0E-E611-4CE0-BDAD-5D9D735652C8}
	EndGlobalSection
EndGlobal
